
Microsoft Visual Studio Solution File, Format Version 12.00
# Visual Studio 2013
VisualStudioVersion = 12.0.21005.1
MinimumVisualStudioVersion = 10.0.40219.1
Project("{8BC9CEB8-8B4A-11D0-8D11-00A0C91BC942}") = "lab switc project", "lab switc project\lab switc project.vcxproj", "{74AA9634-FDB6-4C2A-8EBF-CAB17B889E1A}"
EndProject
Global
	GlobalSection(SolutionConfigurationPlatforms) = preSolution
		Debug|Win32 = Debug|Win32
		Release|Win32 = Release|Win32
	EndGlobalSection
	GlobalSection(ProjectConfigurationPlatforms) = postSolution
		{74AA9634-FDB6-4C2A-8EBF-CAB17B889E1A}.Debug|Win32.ActiveCfg = Debug|Win32
		{74AA9634-FDB6-4C2A-8EBF-CAB17B889E1A}.Debug|Win32.Build.0 = Debug|Win32
		{74AA9634-FDB6-4C2A-8EBF-CAB17B889E1A}.Release|Win32.ActiveCfg = Release|Win32
		{74AA9634-FDB6-4C2A-8EBF-CAB17B889E1A}.Release|Win32.Build.0 = Release|Win32
	EndGlobalSection
	GlobalSection(SolutionProperties) = preSolution
		HideSolutionNode = FALSE
	EndGlobalSection
EndGlobal
